
Microsoft Visual Studio Solution File, Format Version 12.00
# Visual Studio Version 17
VisualStudioVersion = 17.3.32819.101
MinimumVisualStudioVersion = 10.0.40219.1
Project("{FAE04EC0-301F-11D3-BF4B-00C04F79EFBC}") = "CO2NET_Sample", "CO2NET_Sample.csproj", "{70A218D0-2B40-421E-972B-5CB3D8D7CE63}"
EndProject
Global
	GlobalSection(SolutionConfigurationPlatforms) = preSolution
		Debug|Any CPU = Debug|Any CPU
		Release|Any CPU = Release|Any CPU
	EndGlobalSection
	GlobalSection(ProjectConfigurationPlatforms) = postSolution
		{70A218D0-2B40-421E-972B-5CB3D8D7CE63}.Debug|Any CPU.ActiveCfg = Debug|Any CPU
		{70A218D0-2B40-421E-972B-5CB3D8D7CE63}.Debug|Any CPU.Build.0 = Debug|Any CPU
		{70A218D0-2B40-421E-972B-5CB3D8D7CE63}.Release|Any CPU.ActiveCfg = Release|Any CPU
		{70A218D0-2B40-421E-972B-5CB3D8D7CE63}.Release|Any CPU.Build.0 = Release|Any CPU
	EndGlobalSection
	GlobalSection(SolutionProperties) = preSolution
		HideSolutionNode = FALSE
	EndGlobalSection
	GlobalSection(ExtensibilityGlobals) = postSolution
		SolutionGuid = {1827B803-BB2F-43E1-A295-45BEBF9B8B4B}
	EndGlobalSection
EndGlobal
