
Microsoft Visual Studio Solution File, Format Version 12.00
# Visual Studio Version 17
VisualStudioVersion = 17.3.32819.101
MinimumVisualStudioVersion = 10.0.40219.1
Project("{FAE04EC0-301F-11D3-BF4B-00C04F79EFBC}") = "CO2NET_Sample_Live", "CO2NET_Sample_Live.csproj", "{EB82613B-43D4-428A-A80A-FB3E9C140239}"
EndProject
Global
	GlobalSection(SolutionConfigurationPlatforms) = preSolution
		Debug|Any CPU = Debug|Any CPU
		Release|Any CPU = Release|Any CPU
	EndGlobalSection
	GlobalSection(ProjectConfigurationPlatforms) = postSolution
		{EB82613B-43D4-428A-A80A-FB3E9C140239}.Debug|Any CPU.ActiveCfg = Debug|Any CPU
		{EB82613B-43D4-428A-A80A-FB3E9C140239}.Debug|Any CPU.Build.0 = Debug|Any CPU
		{EB82613B-43D4-428A-A80A-FB3E9C140239}.Release|Any CPU.ActiveCfg = Release|Any CPU
		{EB82613B-43D4-428A-A80A-FB3E9C140239}.Release|Any CPU.Build.0 = Release|Any CPU
	EndGlobalSection
	GlobalSection(SolutionProperties) = preSolution
		HideSolutionNode = FALSE
	EndGlobalSection
	GlobalSection(ExtensibilityGlobals) = postSolution
		SolutionGuid = {AA96C9F5-AB67-4A01-ACC9-FCCB9E3030A0}
	EndGlobalSection
EndGlobal
